{
  "name": "jsonrule.net",
  "version": "1.0.0",
  "lockfileVersion": 1,
  "requires": true,
  "dependencies": {
    "promise-queue": {
      "version": "2.2.5",
      "resolved": "https://registry.npmjs.org/promise-queue/-/promise-queue-2.2.5.tgz",
      "integrity": "sha1-L29ffA9tCBCelnZZx5uIqe1ek7Q="
    },
    "redis-server": {
      "version": "1.2.2",
      "resolved": "https://registry.npmjs.org/redis-server/-/redis-server-1.2.2.tgz",
      "integrity": "sha512-pOaSIeSMVFkEFIuaMtpQ3TOr3uI4sUmEHm4ofGks5vTPRseHUszxyIlC70IFjUR9qSeH8o/ARZEM8dqcJmgGJw==",
      "requires": {
        "promise-queue": "^2.2.5"
      }
    }
  }
}
